
Microsoft Visual Studio Solution File, Format Version 11.00
# Visual Studio 2010
Project("{FAE04EC0-301F-11D3-BF4B-00C04F79EFBC}") = "EmployeeOfTheMonth", "EmployeeOfTheMonth\EmployeeOfTheMonth.csproj", "{5AEEE448-EEB4-456A-B548-7A1C71D2125E}"
EndProject
Global
	GlobalSection(SolutionConfigurationPlatforms) = preSolution
		Debug|x86 = Debug|x86
		Release|x86 = Release|x86
	EndGlobalSection
	GlobalSection(ProjectConfigurationPlatforms) = postSolution
		{5AEEE448-EEB4-456A-B548-7A1C71D2125E}.Debug|x86.ActiveCfg = Debug|x86
		{5AEEE448-EEB4-456A-B548-7A1C71D2125E}.Debug|x86.Build.0 = Debug|x86
		{5AEEE448-EEB4-456A-B548-7A1C71D2125E}.Release|x86.ActiveCfg = Release|x86
		{5AEEE448-EEB4-456A-B548-7A1C71D2125E}.Release|x86.Build.0 = Release|x86
	EndGlobalSection
	GlobalSection(SolutionProperties) = preSolution
		HideSolutionNode = FALSE
	EndGlobalSection
EndGlobal
